
Microsoft Visual Studio Solution File, Format Version 12.00
# Visual Studio Version 16
VisualStudioVersion = 16.0.32002.261
MinimumVisualStudioVersion = 10.0.40219.1
Project("{FAE04EC0-301F-11D3-BF4B-00C04F79EFBC}") = "YazilimSinama", "YazilimSinama\YazilimSinama.csproj", "{E4B0A282-3C11-45FB-8C3B-AB77AD32535B}"
EndProject
Global
	GlobalSection(SolutionConfigurationPlatforms) = preSolution
		Debug|Any CPU = Debug|Any CPU
		Release|Any CPU = Release|Any CPU
	EndGlobalSection
	GlobalSection(ProjectConfigurationPlatforms) = postSolution
		{E4B0A282-3C11-45FB-8C3B-AB77AD32535B}.Debug|Any CPU.ActiveCfg = Debug|Any CPU
		{E4B0A282-3C11-45FB-8C3B-AB77AD32535B}.Debug|Any CPU.Build.0 = Debug|Any CPU
		{E4B0A282-3C11-45FB-8C3B-AB77AD32535B}.Release|Any CPU.ActiveCfg = Release|Any CPU
		{E4B0A282-3C11-45FB-8C3B-AB77AD32535B}.Release|Any CPU.Build.0 = Release|Any CPU
	EndGlobalSection
	GlobalSection(SolutionProperties) = preSolution
		HideSolutionNode = FALSE
	EndGlobalSection
	GlobalSection(ExtensibilityGlobals) = postSolution
		SolutionGuid = {008E113B-E442-4BB4-8FDA-9DD6862BB06F}
	EndGlobalSection
EndGlobal
